// !$*UTF8*$!
{
	archiveVersion = 1;
	classes = {
	};
	objectVersion = 46;
	objects = {

/* Begin PBXBuildFile section */
		7F257E491E01BB2A00BE62BB /* UIView+FIADatePickerDialog.swift in Sources */ = {isa = PBXBuildFile; fileRef = 7F257E481E01BB2A00BE62BB /* UIView+FIADatePickerDialog.swift */; };
		7F257E4B1E01CCA300BE62BB /* UIButton+FIADatePickerDialog.swift in Sources */ = {isa = PBXBuildFile; fileRef = 7F257E4A1E01CCA300BE62BB /* UIButton+FIADatePickerDialog.swift */; };
		7F257E811E01EA1C00BE62BB /* AppDelegate.swift in Sources */ = {isa = PBXBuildFile; fileRef = 7F257E801E01EA1C00BE62BB /* AppDelegate.swift */; };
		7F257E831E01EA1C00BE62BB /* ViewController.swift in Sources */ = {isa = PBXBuildFile; fileRef = 7F257E821E01EA1C00BE62BB /* ViewController.swift */; };
		7F257E861E01EA1C00BE62BB /* Main.storyboard in Resources */ = {isa = PBXBuildFile; fileRef = 7F257E841E01EA1C00BE62BB /* Main.storyboard */; };
		7F257E881E01EA1C00BE62BB /* Assets.xcassets in Resources */ = {isa = PBXBuildFile; fileRef = 7F257E871E01EA1C00BE62BB /* Assets.xcassets */; };
		7F257E8B1E01EA1C00BE62BB /* LaunchScreen.storyboard in Resources */ = {isa = PBXBuildFile; fileRef = 7F257E891E01EA1C00BE62BB /* LaunchScreen.storyboard */; };
		7F4F9A691E017C52002BEAB8 /* FIADatePickerDialog.framework in Frameworks */ = {isa = PBXBuildFile; fileRef = 7F4F9A5F1E017C52002BEAB8 /* FIADatePickerDialog.framework */; };
		7F4F9A6E1E017C52002BEAB8 /* FIADatePickerDialogTests.swift in Sources */ = {isa = PBXBuildFile; fileRef = 7F4F9A6D1E017C52002BEAB8 /* FIADatePickerDialogTests.swift */; };
		7F4F9A701E017C52002BEAB8 /* FIADatePickerDialog.h in Headers */ = {isa = PBXBuildFile; fileRef = 7F4F9A621E017C52002BEAB8 /* FIADatePickerDialog.h */; settings = {ATTRIBUTES = (Public, ); }; };
		7F4F9A7A1E017ECD002BEAB8 /* FIADatePickerDialog.swift in Sources */ = {isa = PBXBuildFile; fileRef = 7F4F9A791E017ECD002BEAB8 /* FIADatePickerDialog.swift */; };
		7F682C511E029F0300C859FA /* UIColor+FIADatePickerDialog.swift in Sources */ = {isa = PBXBuildFile; fileRef = 7F682C501E029F0200C859FA /* UIColor+FIADatePickerDialog.swift */; };
		7FAADFDE1E0204AA0053BF8A /* FIADatePickerDialogLabel.swift in Sources */ = {isa = PBXBuildFile; fileRef = 7FAADFDD1E0204AA0053BF8A /* FIADatePickerDialogLabel.swift */; };
		7FAADFE51E020DA90053BF8A /* FIADatePickerDialog.framework in Frameworks */ = {isa = PBXBuildFile; fileRef = 7F4F9A5F1E017C52002BEAB8 /* FIADatePickerDialog.framework */; };
		7FAADFE61E020DA90053BF8A /* FIADatePickerDialog.framework in Embed Frameworks */ = {isa = PBXBuildFile; fileRef = 7F4F9A5F1E017C52002BEAB8 /* FIADatePickerDialog.framework */; settings = {ATTRIBUTES = (CodeSignOnCopy, RemoveHeadersOnCopy, ); }; };
/* End PBXBuildFile section */

/* Begin PBXContainerItemProxy section */
		7F4F9A6A1E017C52002BEAB8 /* PBXContainerItemProxy */ = {
			isa = PBXContainerItemProxy;
			containerPortal = 7F4F9A561E017C51002BEAB8 /* Project object */;
			proxyType = 1;
			remoteGlobalIDString = 7F4F9A5E1E017C52002BEAB8;
			remoteInfo = FIADatePickerDialog;
		};
		7FAADFE71E020DA90053BF8A /* PBXContainerItemProxy */ = {
			isa = PBXContainerItemProxy;
			containerPortal = 7F4F9A561E017C51002BEAB8 /* Project object */;
			proxyType = 1;
			remoteGlobalIDString = 7F4F9A5E1E017C52002BEAB8;
			remoteInfo = FIADatePickerDialog;
		};
/* End PBXContainerItemProxy section */

/* Begin PBXCopyFilesBuildPhase section */
		7FAADFE91E020DA90053BF8A /* Embed Frameworks */ = {
			isa = PBXCopyFilesBuildPhase;
			buildActionMask = 2147483647;
			dstPath = "";
			dstSubfolderSpec = 10;
			files = (
				7FAADFE61E020DA90053BF8A /* FIADatePickerDialog.framework in Embed Frameworks */,
			);
			name = "Embed Frameworks";
			runOnlyForDeploymentPostprocessing = 0;
		};
/* End PBXCopyFilesBuildPhase section */

/* Begin PBXFileReference section */
		7F257E481E01BB2A00BE62BB /* UIView+FIADatePickerDialog.swift */ = {isa = PBXFileReference; fileEncoding = 4; lastKnownFileType = sourcecode.swift; path = "UIView+FIADatePickerDialog.swift"; sourceTree = "<group>"; };
		7F257E4A1E01CCA300BE62BB /* UIButton+FIADatePickerDialog.swift */ = {isa = PBXFileReference; fileEncoding = 4; lastKnownFileType = sourcecode.swift; path = "UIButton+FIADatePickerDialog.swift"; sourceTree = "<group>"; };
		7F257E7E1E01EA1C00BE62BB /* FIADatePickerDialogExample.app */ = {isa = PBXFileReference; explicitFileType = wrapper.application; includeInIndex = 0; path = FIADatePickerDialogExample.app; sourceTree = BUILT_PRODUCTS_DIR; };
		7F257E801E01EA1C00BE62BB /* AppDelegate.swift */ = {isa = PBXFileReference; lastKnownFileType = sourcecode.swift; path = AppDelegate.swift; sourceTree = "<group>"; };
		7F257E821E01EA1C00BE62BB /* ViewController.swift */ = {isa = PBXFileReference; lastKnownFileType = sourcecode.swift; path = ViewController.swift; sourceTree = "<group>"; };
		7F257E851E01EA1C00BE62BB /* Base */ = {isa = PBXFileReference; lastKnownFileType = file.storyboard; name = Base; path = Base.lproj/Main.storyboard; sourceTree = "<group>"; };
		7F257E871E01EA1C00BE62BB /* Assets.xcassets */ = {isa = PBXFileReference; lastKnownFileType = folder.assetcatalog; path = Assets.xcassets; sourceTree = "<group>"; };
		7F257E8A1E01EA1C00BE62BB /* Base */ = {isa = PBXFileReference; lastKnownFileType = file.storyboard; name = Base; path = Base.lproj/LaunchScreen.storyboard; sourceTree = "<group>"; };
		7F257E8C1E01EA1C00BE62BB /* Info.plist */ = {isa = PBXFileReference; lastKnownFileType = text.plist.xml; path = Info.plist; sourceTree = "<group>"; };
		7F4F9A5F1E017C52002BEAB8 /* FIADatePickerDialog.framework */ = {isa = PBXFileReference; explicitFileType = wrapper.framework; includeInIndex = 0; path = FIADatePickerDialog.framework; sourceTree = BUILT_PRODUCTS_DIR; };
		7F4F9A621E017C52002BEAB8 /* FIADatePickerDialog.h */ = {isa = PBXFileReference; lastKnownFileType = sourcecode.c.h; path = FIADatePickerDialog.h; sourceTree = "<group>"; };
		7F4F9A631E017C52002BEAB8 /* Info.plist */ = {isa = PBXFileReference; lastKnownFileType = text.plist.xml; path = Info.plist; sourceTree = "<group>"; };
		7F4F9A681E017C52002BEAB8 /* FIADatePickerDialogTests.xctest */ = {isa = PBXFileReference; explicitFileType = wrapper.cfbundle; includeInIndex = 0; path = FIADatePickerDialogTests.xctest; sourceTree = BUILT_PRODUCTS_DIR; };
		7F4F9A6D1E017C52002BEAB8 /* FIADatePickerDialogTests.swift */ = {isa = PBXFileReference; lastKnownFileType = sourcecode.swift; path = FIADatePickerDialogTests.swift; sourceTree = "<group>"; };
		7F4F9A6F1E017C52002BEAB8 /* Info.plist */ = {isa = PBXFileReference; lastKnownFileType = text.plist.xml; path = Info.plist; sourceTree = "<group>"; };
		7F4F9A791E017ECD002BEAB8 /* FIADatePickerDialog.swift */ = {isa = PBXFileReference; fileEncoding = 4; lastKnownFileType = sourcecode.swift; path = FIADatePickerDialog.swift; sourceTree = "<group>"; };
		7F682C501E029F0200C859FA /* UIColor+FIADatePickerDialog.swift */ = {isa = PBXFileReference; fileEncoding = 4; lastKnownFileType = sourcecode.swift; path = "UIColor+FIADatePickerDialog.swift"; sourceTree = "<group>"; };
		7FAADFDD1E0204AA0053BF8A /* FIADatePickerDialogLabel.swift */ = {isa = PBXFileReference; fileEncoding = 4; lastKnownFileType = sourcecode.swift; path = FIADatePickerDialogLabel.swift; sourceTree = "<group>"; };
/* End PBXFileReference section */

/* Begin PBXFrameworksBuildPhase section */
		7F257E7B1E01EA1C00BE62BB /* Frameworks */ = {
			isa = PBXFrameworksBuildPhase;
			buildActionMask = 2147483647;
			files = (
				7FAADFE51E020DA90053BF8A /* FIADatePickerDialog.framework in Frameworks */,
			);
			runOnlyForDeploymentPostprocessing = 0;
		};
		7F4F9A5B1E017C52002BEAB8 /* Frameworks */ = {
			isa = PBXFrameworksBuildPhase;
			buildActionMask = 2147483647;
			files = (
			);
			runOnlyForDeploymentPostprocessing = 0;
		};
		7F4F9A651E017C52002BEAB8 /* Frameworks */ = {
			isa = PBXFrameworksBuildPhase;
			buildActionMask = 2147483647;
			files = (
				7F4F9A691E017C52002BEAB8 /* FIADatePickerDialog.framework in Frameworks */,
			);
			runOnlyForDeploymentPostprocessing = 0;
		};
/* End PBXFrameworksBuildPhase section */

/* Begin PBXGroup section */
		7F257E7F1E01EA1C00BE62BB /* FIADatePickerDialogExample */ = {
			isa = PBXGroup;
			children = (
				7F257E801E01EA1C00BE62BB /* AppDelegate.swift */,
				7F257E821E01EA1C00BE62BB /* ViewController.swift */,
				7F257E841E01EA1C00BE62BB /* Main.storyboard */,
				7F257E871E01EA1C00BE62BB /* Assets.xcassets */,
				7F257E891E01EA1C00BE62BB /* LaunchScreen.storyboard */,
				7F257E8C1E01EA1C00BE62BB /* Info.plist */,
			);
			path = FIADatePickerDialogExample;
			sourceTree = "<group>";
		};
		7F4F9A551E017C51002BEAB8 = {
			isa = PBXGroup;
			children = (
				7F4F9A611E017C52002BEAB8 /* FIADatePickerDialog */,
				7F4F9A6C1E017C52002BEAB8 /* FIADatePickerDialogTests */,
				7F257E7F1E01EA1C00BE62BB /* FIADatePickerDialogExample */,
				7F4F9A601E017C52002BEAB8 /* Products */,
			);
			sourceTree = "<group>";
		};
		7F4F9A601E017C52002BEAB8 /* Products */ = {
			isa = PBXGroup;
			children = (
				7F4F9A5F1E017C52002BEAB8 /* FIADatePickerDialog.framework */,
				7F4F9A681E017C52002BEAB8 /* FIADatePickerDialogTests.xctest */,
				7F257E7E1E01EA1C00BE62BB /* FIADatePickerDialogExample.app */,
			);
			name = Products;
			sourceTree = "<group>";
		};
		7F4F9A611E017C52002BEAB8 /* FIADatePickerDialog */ = {
			isa = PBXGroup;
			children = (
				7F4F9A621E017C52002BEAB8 /* FIADatePickerDialog.h */,
				7F4F9A631E017C52002BEAB8 /* Info.plist */,
				7F4F9A791E017ECD002BEAB8 /* FIADatePickerDialog.swift */,
				7F257E481E01BB2A00BE62BB /* UIView+FIADatePickerDialog.swift */,
				7F257E4A1E01CCA300BE62BB /* UIButton+FIADatePickerDialog.swift */,
				7FAADFDD1E0204AA0053BF8A /* FIADatePickerDialogLabel.swift */,
				7F682C501E029F0200C859FA /* UIColor+FIADatePickerDialog.swift */,
			);
			path = FIADatePickerDialog;
			sourceTree = "<group>";
		};
		7F4F9A6C1E017C52002BEAB8 /* FIADatePickerDialogTests */ = {
			isa = PBXGroup;
			children = (
				7F4F9A6D1E017C52002BEAB8 /* FIADatePickerDialogTests.swift */,
				7F4F9A6F1E017C52002BEAB8 /* Info.plist */,
			);
			path = FIADatePickerDialogTests;
			sourceTree = "<group>";
		};
/* End PBXGroup section */

/* Begin PBXHeadersBuildPhase section */
		7F4F9A5C1E017C52002BEAB8 /* Headers */ = {
			isa = PBXHeadersBuildPhase;
			buildActionMask = 2147483647;
			files = (
				7F4F9A701E017C52002BEAB8 /* FIADatePickerDialog.h in Headers */,
			);
			runOnlyForDeploymentPostprocessing = 0;
		};
/* End PBXHeadersBuildPhase section */

/* Begin PBXNativeTarget section */
		7F257E7D1E01EA1C00BE62BB /* FIADatePickerDialogExample */ = {
			isa = PBXNativeTarget;
			buildConfigurationList = 7F257E8D1E01EA1C00BE62BB /* Build configuration list for PBXNativeTarget "FIADatePickerDialogExample" */;
			buildPhases = (
				7F257E7A1E01EA1C00BE62BB /* Sources */,
				7F257E7B1E01EA1C00BE62BB /* Frameworks */,
				7F257E7C1E01EA1C00BE62BB /* Resources */,
				7FAADFE91E020DA90053BF8A /* Embed Frameworks */,
			);
			buildRules = (
			);
			dependencies = (
				7FAADFE81E020DA90053BF8A /* PBXTargetDependency */,
			);
			name = FIADatePickerDialogExample;
			productName = FIADatePickerDialogExample;
			productReference = 7F257E7E1E01EA1C00BE62BB /* FIADatePickerDialogExample.app */;
			productType = "com.apple.product-type.application";
		};
		7F4F9A5E1E017C52002BEAB8 /* FIADatePickerDialog */ = {
			isa = PBXNativeTarget;
			buildConfigurationList = 7F4F9A731E017C52002BEAB8 /* Build configuration list for PBXNativeTarget "FIADatePickerDialog" */;
			buildPhases = (
				7F4F9A5A1E017C52002BEAB8 /* Sources */,
				7F4F9A5B1E017C52002BEAB8 /* Frameworks */,
				7F4F9A5C1E017C52002BEAB8 /* Headers */,
				7F4F9A5D1E017C52002BEAB8 /* Resources */,
			);
			buildRules = (
			);
			dependencies = (
			);
			name = FIADatePickerDialog;
			productName = FIADatePickerDialog;
			productReference = 7F4F9A5F1E017C52002BEAB8 /* FIADatePickerDialog.framework */;
			productType = "com.apple.product-type.framework";
		};
		7F4F9A671E017C52002BEAB8 /* FIADatePickerDialogTests */ = {
			isa = PBXNativeTarget;
			buildConfigurationList = 7F4F9A761E017C52002BEAB8 /* Build configuration list for PBXNativeTarget "FIADatePickerDialogTests" */;
			buildPhases = (
				7F4F9A641E017C52002BEAB8 /* Sources */,
				7F4F9A651E017C52002BEAB8 /* Frameworks */,
				7F4F9A661E017C52002BEAB8 /* Resources */,
			);
			buildRules = (
			);
			dependencies = (
				7F4F9A6B1E017C52002BEAB8 /* PBXTargetDependency */,
			);
			name = FIADatePickerDialogTests;
			productName = FIADatePickerDialogTests;
			productReference = 7F4F9A681E017C52002BEAB8 /* FIADatePickerDialogTests.xctest */;
			productType = "com.apple.product-type.bundle.unit-test";
		};
/* End PBXNativeTarget section */

/* Begin PBXProject section */
		7F4F9A561E017C51002BEAB8 /* Project object */ = {
			isa = PBXProject;
			attributes = {
				LastSwiftUpdateCheck = 0810;
				LastUpgradeCheck = 0810;
				ORGANIZATIONNAME = "Fucher in Apps OOO";
				TargetAttributes = {
					7F257E7D1E01EA1C00BE62BB = {
						CreatedOnToolsVersion = 8.1;
						DevelopmentTeam = H8JUP89MG7;
						LastSwiftMigration = 0810;
						ProvisioningStyle = Automatic;
					};
					7F4F9A5E1E017C52002BEAB8 = {
						CreatedOnToolsVersion = 8.1;
						DevelopmentTeam = H8JUP89MG7;
						LastSwiftMigration = 0810;
						ProvisioningStyle = Automatic;
					};
					7F4F9A671E017C52002BEAB8 = {
						CreatedOnToolsVersion = 8.1;
						DevelopmentTeam = H8JUP89MG7;
						ProvisioningStyle = Automatic;
					};
				};
			};
			buildConfigurationList = 7F4F9A591E017C51002BEAB8 /* Build configuration list for PBXProject "FIADatePickerDialog" */;
			compatibilityVersion = "Xcode 3.2";
			developmentRegion = English;
			hasScannedForEncodings = 0;
			knownRegions = (
				en,
				Base,
			);
			mainGroup = 7F4F9A551E017C51002BEAB8;
			productRefGroup = 7F4F9A601E017C52002BEAB8 /* Products */;
			projectDirPath = "";
			projectRoot = "";
			targets = (
				7F4F9A5E1E017C52002BEAB8 /* FIADatePickerDialog */,
				7F4F9A671E017C52002BEAB8 /* FIADatePickerDialogTests */,
				7F257E7D1E01EA1C00BE62BB /* FIADatePickerDialogExample */,
			);
		};
/* End PBXProject section */

/* Begin PBXResourcesBuildPhase section */
		7F257E7C1E01EA1C00BE62BB /* Resources */ = {
			isa = PBXResourcesBuildPhase;
			buildActionMask = 2147483647;
			files = (
				7F257E8B1E01EA1C00BE62BB /* LaunchScreen.storyboard in Resources */,
				7F257E881E01EA1C00BE62BB /* Assets.xcassets in Resources */,
				7F257E861E01EA1C00BE62BB /* Main.storyboard in Resources */,
			);
			runOnlyForDeploymentPostprocessing = 0;
		};
		7F4F9A5D1E017C52002BEAB8 /* Resources */ = {
			isa = PBXResourcesBuildPhase;
			buildActionMask = 2147483647;
			files = (
			);
			runOnlyForDeploymentPostprocessing = 0;
		};
		7F4F9A661E017C52002BEAB8 /* Resources */ = {
			isa = PBXResourcesBuildPhase;
			buildActionMask = 2147483647;
			files = (
			);
			runOnlyForDeploymentPostprocessing = 0;
		};
/* End PBXResourcesBuildPhase section */

/* Begin PBXSourcesBuildPhase section */
		7F257E7A1E01EA1C00BE62BB /* Sources */ = {
			isa = PBXSourcesBuildPhase;
			buildActionMask = 2147483647;
			files = (
				7F257E831E01EA1C00BE62BB /* ViewController.swift in Sources */,
				7F257E811E01EA1C00BE62BB /* AppDelegate.swift in Sources */,
			);
			runOnlyForDeploymentPostprocessing = 0;
		};
		7F4F9A5A1E017C52002BEAB8 /* Sources */ = {
			isa = PBXSourcesBuildPhase;
			buildActionMask = 2147483647;
			files = (
				7F257E491E01BB2A00BE62BB /* UIView+FIADatePickerDialog.swift in Sources */,
				7FAADFDE1E0204AA0053BF8A /* FIADatePickerDialogLabel.swift in Sources */,
				7F682C511E029F0300C859FA /* UIColor+FIADatePickerDialog.swift in Sources */,
				7F257E4B1E01CCA300BE62BB /* UIButton+FIADatePickerDialog.swift in Sources */,
				7F4F9A7A1E017ECD002BEAB8 /* FIADatePickerDialog.swift in Sources */,
			);
			runOnlyForDeploymentPostprocessing = 0;
		};
		7F4F9A641E017C52002BEAB8 /* Sources */ = {
			isa = PBXSourcesBuildPhase;
			buildActionMask = 2147483647;
			files = (
				7F4F9A6E1E017C52002BEAB8 /* FIADatePickerDialogTests.swift in Sources */,
			);
			runOnlyForDeploymentPostprocessing = 0;
		};
/* End PBXSourcesBuildPhase section */

/* Begin PBXTargetDependency section */
		7F4F9A6B1E017C52002BEAB8 /* PBXTargetDependency */ = {
			isa = PBXTargetDependency;
			target = 7F4F9A5E1E017C52002BEAB8 /* FIADatePickerDialog */;
			targetProxy = 7F4F9A6A1E017C52002BEAB8 /* PBXContainerItemProxy */;
		};
		7FAADFE81E020DA90053BF8A /* PBXTargetDependency */ = {
			isa = PBXTargetDependency;
			target = 7F4F9A5E1E017C52002BEAB8 /* FIADatePickerDialog */;
			targetProxy = 7FAADFE71E020DA90053BF8A /* PBXContainerItemProxy */;
		};
/* End PBXTargetDependency section */

/* Begin PBXVariantGroup section */
		7F257E841E01EA1C00BE62BB /* Main.storyboard */ = {
			isa = PBXVariantGroup;
			children = (
				7F257E851E01EA1C00BE62BB /* Base */,
			);
			name = Main.storyboard;
			sourceTree = "<group>";
		};
		7F257E891E01EA1C00BE62BB /* LaunchScreen.storyboard */ = {
			isa = PBXVariantGroup;
			children = (
				7F257E8A1E01EA1C00BE62BB /* Base */,
			);
			name = LaunchScreen.storyboard;
			sourceTree = "<group>";
		};
/* End PBXVariantGroup section */

/* Begin XCBuildConfiguration section */
		7F257E8E1E01EA1C00BE62BB /* Debug */ = {
			isa = XCBuildConfiguration;
			buildSettings = {
				ALWAYS_EMBED_SWIFT_STANDARD_LIBRARIES = YES;
				ASSETCATALOG_COMPILER_APPICON_NAME = AppIcon;
				DEVELOPMENT_TEAM = H8JUP89MG7;
				INFOPLIST_FILE = FIADatePickerDialogExample/Info.plist;
				IPHONEOS_DEPLOYMENT_TARGET = 10.1;
				LD_RUNPATH_SEARCH_PATHS = "$(inherited) @executable_path/Frameworks";
				PRODUCT_BUNDLE_IDENTIFIER = FutureInApps.FIADatePickerDialogExample;
				PRODUCT_NAME = "$(TARGET_NAME)";
				SWIFT_VERSION = 3.0;
			};
			name = Debug;
		};
		7F257E8F1E01EA1C00BE62BB /* Release */ = {
			isa = XCBuildConfiguration;
			buildSettings = {
				ALWAYS_EMBED_SWIFT_STANDARD_LIBRARIES = YES;
				ASSETCATALOG_COMPILER_APPICON_NAME = AppIcon;
				DEVELOPMENT_TEAM = H8JUP89MG7;
				INFOPLIST_FILE = FIADatePickerDialogExample/Info.plist;
				IPHONEOS_DEPLOYMENT_TARGET = 10.1;
				LD_RUNPATH_SEARCH_PATHS = "$(inherited) @executable_path/Frameworks";
				PRODUCT_BUNDLE_IDENTIFIER = FutureInApps.FIADatePickerDialogExample;
				PRODUCT_NAME = "$(TARGET_NAME)";
				SWIFT_VERSION = 3.0;
			};
			name = Release;
		};
		7F4F9A711E017C52002BEAB8 /* Debug */ = {
			isa = XCBuildConfiguration;
			buildSettings = {
				ALWAYS_SEARCH_USER_PATHS = NO;
				CLANG_ANALYZER_NONNULL = YES;
				CLANG_CXX_LANGUAGE_STANDARD = "gnu++0x";
				CLANG_CXX_LIBRARY = "libc++";
				CLANG_ENABLE_MODULES = YES;
				CLANG_ENABLE_OBJC_ARC = YES;
				CLANG_WARN_BOOL_CONVERSION = YES;
				CLANG_WARN_CONSTANT_CONVERSION = YES;
				CLANG_WARN_DIRECT_OBJC_ISA_USAGE = YES_ERROR;
				CLANG_WARN_DOCUMENTATION_COMMENTS = YES;
				CLANG_WARN_EMPTY_BODY = YES;
				CLANG_WARN_ENUM_CONVERSION = YES;
				CLANG_WARN_INFINITE_RECURSION = YES;
				CLANG_WARN_INT_CONVERSION = YES;
				CLANG_WARN_OBJC_ROOT_CLASS = YES_ERROR;
				CLANG_WARN_SUSPICIOUS_MOVES = YES;
				CLANG_WARN_UNREACHABLE_CODE = YES;
				CLANG_WARN__DUPLICATE_METHOD_MATCH = YES;
				"CODE_SIGN_IDENTITY[sdk=iphoneos*]" = "iPhone Developer";
				COPY_PHASE_STRIP = NO;
				CURRENT_PROJECT_VERSION = 1;
				DEBUG_INFORMATION_FORMAT = dwarf;
				ENABLE_STRICT_OBJC_MSGSEND = YES;
				ENABLE_TESTABILITY = YES;
				GCC_C_LANGUAGE_STANDARD = gnu99;
				GCC_DYNAMIC_NO_PIC = NO;
				GCC_NO_COMMON_BLOCKS = YES;
				GCC_OPTIMIZATION_LEVEL = 0;
				GCC_PREPROCESSOR_DEFINITIONS = (
					"DEBUG=1",
					"$(inherited)",
				);
				GCC_WARN_64_TO_32_BIT_CONVERSION = YES;
				GCC_WARN_ABOUT_RETURN_TYPE = YES_ERROR;
				GCC_WARN_UNDECLARED_SELECTOR = YES;
				GCC_WARN_UNINITIALIZED_AUTOS = YES_AGGRESSIVE;
				GCC_WARN_UNUSED_FUNCTION = YES;
				GCC_WARN_UNUSED_VARIABLE = YES;
				IPHONEOS_DEPLOYMENT_TARGET = 10.1;
				MTL_ENABLE_DEBUG_INFO = YES;
				ONLY_ACTIVE_ARCH = YES;
				SDKROOT = iphoneos;
				SWIFT_ACTIVE_COMPILATION_CONDITIONS = DEBUG;
				SWIFT_OPTIMIZATION_LEVEL = "-Onone";
				TARGETED_DEVICE_FAMILY = "1,2";
				VERSIONING_SYSTEM = "apple-generic";
				VERSION_INFO_PREFIX = "";
			};
			name = Debug;
		};
		7F4F9A721E017C52002BEAB8 /* Release */ = {
			isa = XCBuildConfiguration;
			buildSettings = {
				ALWAYS_SEARCH_USER_PATHS = NO;
				CLANG_ANALYZER_NONNULL = YES;
				CLANG_CXX_LANGUAGE_STANDARD = "gnu++0x";
				CLANG_CXX_LIBRARY = "libc++";
				CLANG_ENABLE_MODULES = YES;
				CLANG_ENABLE_OBJC_ARC = YES;
				CLANG_WARN_BOOL_CONVERSION = YES;
				CLANG_WARN_CONSTANT_CONVERSION = YES;
				CLANG_WARN_DIRECT_OBJC_ISA_USAGE = YES_ERROR;
				CLANG_WARN_DOCUMENTATION_COMMENTS = YES;
				CLANG_WARN_EMPTY_BODY = YES;
				CLANG_WARN_ENUM_CONVERSION = YES;
				CLANG_WARN_INFINITE_RECURSION = YES;
				CLANG_WARN_INT_CONVERSION = YES;
				CLANG_WARN_OBJC_ROOT_CLASS = YES_ERROR;
				CLANG_WARN_SUSPICIOUS_MOVES = YES;
				CLANG_WARN_UNREACHABLE_CODE = YES;
				CLANG_WARN__DUPLICATE_METHOD_MATCH = YES;
				"CODE_SIGN_IDENTITY[sdk=iphoneos*]" = "iPhone Developer";
				COPY_PHASE_STRIP = NO;
				CURRENT_PROJECT_VERSION = 1;
				DEBUG_INFORMATION_FORMAT = "dwarf-with-dsym";
				ENABLE_NS_ASSERTIONS = NO;
				ENABLE_STRICT_OBJC_MSGSEND = YES;
				GCC_C_LANGUAGE_STANDARD = gnu99;
				GCC_NO_COMMON_BLOCKS = YES;
				GCC_WARN_64_TO_32_BIT_CONVERSION = YES;
				GCC_WARN_ABOUT_RETURN_TYPE = YES_ERROR;
				GCC_WARN_UNDECLARED_SELECTOR = YES;
				GCC_WARN_UNINITIALIZED_AUTOS = YES_AGGRESSIVE;
				GCC_WARN_UNUSED_FUNCTION = YES;
				GCC_WARN_UNUSED_VARIABLE = YES;
				IPHONEOS_DEPLOYMENT_TARGET = 10.1;
				MTL_ENABLE_DEBUG_INFO = NO;
				SDKROOT = iphoneos;
				SWIFT_OPTIMIZATION_LEVEL = "-Owholemodule";
				TARGETED_DEVICE_FAMILY = "1,2";
				VALIDATE_PRODUCT = YES;
				VERSIONING_SYSTEM = "apple-generic";
				VERSION_INFO_PREFIX = "";
			};
			name = Release;
		};
		7F4F9A741E017C52002BEAB8 /* Debug */ = {
			isa = XCBuildConfiguration;
			buildSettings = {
				CLANG_ENABLE_MODULES = YES;
				CODE_SIGN_IDENTITY = "";
				DEFINES_MODULE = YES;
				DEVELOPMENT_TEAM = H8JUP89MG7;
				DYLIB_COMPATIBILITY_VERSION = 1;
				DYLIB_CURRENT_VERSION = 1;
				DYLIB_INSTALL_NAME_BASE = "@rpath";
				FRAMEWORK_SEARCH_PATHS = (
					"$(inherited)",
					"$(PROJECT_DIR)",
				);
				INFOPLIST_FILE = FIADatePickerDialog/Info.plist;
				INSTALL_PATH = "$(LOCAL_LIBRARY_DIR)/Frameworks";
				LD_RUNPATH_SEARCH_PATHS = "$(inherited) @executable_path/Frameworks @loader_path/Frameworks";
				PRODUCT_BUNDLE_IDENTIFIER = FutureInApps.FIADatePickerDialog;
				PRODUCT_NAME = "$(TARGET_NAME)";
				SKIP_INSTALL = YES;
				SWIFT_OPTIMIZATION_LEVEL = "-Onone";
				SWIFT_VERSION = 3.0;
			};
			name = Debug;
		};
		7F4F9A751E017C52002BEAB8 /* Release */ = {
			isa = XCBuildConfiguration;
			buildSettings = {
				CLANG_ENABLE_MODULES = YES;
				CODE_SIGN_IDENTITY = "";
				DEFINES_MODULE = YES;
				DEVELOPMENT_TEAM = H8JUP89MG7;
				DYLIB_COMPATIBILITY_VERSION = 1;
				DYLIB_CURRENT_VERSION = 1;
				DYLIB_INSTALL_NAME_BASE = "@rpath";
				FRAMEWORK_SEARCH_PATHS = (
					"$(inherited)",
					"$(PROJECT_DIR)",
				);
				INFOPLIST_FILE = FIADatePickerDialog/Info.plist;
				INSTALL_PATH = "$(LOCAL_LIBRARY_DIR)/Frameworks";
				LD_RUNPATH_SEARCH_PATHS = "$(inherited) @executable_path/Frameworks @loader_path/Frameworks";
				PRODUCT_BUNDLE_IDENTIFIER = FutureInApps.FIADatePickerDialog;
				PRODUCT_NAME = "$(TARGET_NAME)";
				SKIP_INSTALL = YES;
				SWIFT_VERSION = 3.0;
			};
			name = Release;
		};
		7F4F9A771E017C52002BEAB8 /* Debug */ = {
			isa = XCBuildConfiguration;
			buildSettings = {
				ALWAYS_EMBED_SWIFT_STANDARD_LIBRARIES = YES;
				DEVELOPMENT_TEAM = H8JUP89MG7;
				INFOPLIST_FILE = FIADatePickerDialogTests/Info.plist;
				LD_RUNPATH_SEARCH_PATHS = "$(inherited) @executable_path/Frameworks @loader_path/Frameworks";
				PRODUCT_BUNDLE_IDENTIFIER = FutureInApps.FIADatePickerDialogTests;
				PRODUCT_NAME = "$(TARGET_NAME)";
				SWIFT_VERSION = 3.0;
			};
			name = Debug;
		};
		7F4F9A781E017C52002BEAB8 /* Release */ = {
			isa = XCBuildConfiguration;
			buildSettings = {
				ALWAYS_EMBED_SWIFT_STANDARD_LIBRARIES = YES;
				DEVELOPMENT_TEAM = H8JUP89MG7;
				INFOPLIST_FILE = FIADatePickerDialogTests/Info.plist;
				LD_RUNPATH_SEARCH_PATHS = "$(inherited) @executable_path/Frameworks @loader_path/Frameworks";
				PRODUCT_BUNDLE_IDENTIFIER = FutureInApps.FIADatePickerDialogTests;
				PRODUCT_NAME = "$(TARGET_NAME)";
				SWIFT_VERSION = 3.0;
			};
			name = Release;
		};
/* End XCBuildConfiguration section */

/* Begin XCConfigurationList section */
		7F257E8D1E01EA1C00BE62BB /* Build configuration list for PBXNativeTarget "FIADatePickerDialogExample" */ = {
			isa = XCConfigurationList;
			buildConfigurations = (
				7F257E8E1E01EA1C00BE62BB /* Debug */,
				7F257E8F1E01EA1C00BE62BB /* Release */,
			);
			defaultConfigurationIsVisible = 0;
			defaultConfigurationName = Release;
		};
		7F4F9A591E017C51002BEAB8 /* Build configuration list for PBXProject "FIADatePickerDialog" */ = {
			isa = XCConfigurationList;
			buildConfigurations = (
				7F4F9A711E017C52002BEAB8 /* Debug */,
				7F4F9A721E017C52002BEAB8 /* Release */,
			);
			defaultConfigurationIsVisible = 0;
			defaultConfigurationName = Release;
		};
		7F4F9A731E017C52002BEAB8 /* Build configuration list for PBXNativeTarget "FIADatePickerDialog" */ = {
			isa = XCConfigurationList;
			buildConfigurations = (
				7F4F9A741E017C52002BEAB8 /* Debug */,
				7F4F9A751E017C52002BEAB8 /* Release */,
			);
			defaultConfigurationIsVisible = 0;
			defaultConfigurationName = Release;
		};
		7F4F9A761E017C52002BEAB8 /* Build configuration list for PBXNativeTarget "FIADatePickerDialogTests" */ = {
			isa = XCConfigurationList;
			buildConfigurations = (
				7F4F9A771E017C52002BEAB8 /* Debug */,
				7F4F9A781E017C52002BEAB8 /* Release */,
			);
			defaultConfigurationIsVisible = 0;
			defaultConfigurationName = Release;
		};
/* End XCConfigurationList section */
	};
	rootObject = 7F4F9A561E017C51002BEAB8 /* Project object */;
}
