// !$*UTF8*$!
{
	archiveVersion = 1;
	classes = {
	};
	objectVersion = 46;
	objects = {

/* Begin PBXBuildFile section */
		7F4F9A881E018F18002BEAB8 /* AppDelegate.swift in Sources */ = {isa = PBXBuildFile; fileRef = 7F4F9A871E018F18002BEAB8 /* AppDelegate.swift */; };
		7F4F9A8A1E018F18002BEAB8 /* ViewController.swift in Sources */ = {isa = PBXBuildFile; fileRef = 7F4F9A891E018F18002BEAB8 /* ViewController.swift */; };
		7F4F9A8D1E018F18002BEAB8 /* Main.storyboard in Resources */ = {isa = PBXBuildFile; fileRef = 7F4F9A8B1E018F18002BEAB8 /* Main.storyboard */; };
		7F4F9A901E018F18002BEAB8 /* FIADatePickerDialogExample.xcdatamodeld in Sources */ = {isa = PBXBuildFile; fileRef = 7F4F9A8E1E018F18002BEAB8 /* FIADatePickerDialogExample.xcdatamodeld */; };
		7F4F9A921E018F18002BEAB8 /* Assets.xcassets in Resources */ = {isa = PBXBuildFile; fileRef = 7F4F9A911E018F18002BEAB8 /* Assets.xcassets */; };
		7F4F9A951E018F18002BEAB8 /* LaunchScreen.storyboard in Resources */ = {isa = PBXBuildFile; fileRef = 7F4F9A931E018F18002BEAB8 /* LaunchScreen.storyboard */; };
		7F4F9AA01E018F18002BEAB8 /* FIADatePickerDialogExampleTests.swift in Sources */ = {isa = PBXBuildFile; fileRef = 7F4F9A9F1E018F18002BEAB8 /* FIADatePickerDialogExampleTests.swift */; };
/* End PBXBuildFile section */

/* Begin PBXContainerItemProxy section */
		7F4F9A9C1E018F18002BEAB8 /* PBXContainerItemProxy */ = {
			isa = PBXContainerItemProxy;
			containerPortal = 7F4F9A7C1E018F18002BEAB8 /* Project object */;
			proxyType = 1;
			remoteGlobalIDString = 7F4F9A831E018F18002BEAB8;
			remoteInfo = FIADatePickerDialogExample;
		};
/* End PBXContainerItemProxy section */

/* Begin PBXFileReference section */
		7F4F9A841E018F18002BEAB8 /* FIADatePickerDialogExample.app */ = {isa = PBXFileReference; explicitFileType = wrapper.application; includeInIndex = 0; path = FIADatePickerDialogExample.app; sourceTree = BUILT_PRODUCTS_DIR; };
		7F4F9A871E018F18002BEAB8 /* AppDelegate.swift */ = {isa = PBXFileReference; lastKnownFileType = sourcecode.swift; path = AppDelegate.swift; sourceTree = "<group>"; };
		7F4F9A891E018F18002BEAB8 /* ViewController.swift */ = {isa = PBXFileReference; lastKnownFileType = sourcecode.swift; path = ViewController.swift; sourceTree = "<group>"; };
		7F4F9A8C1E018F18002BEAB8 /* Base */ = {isa = PBXFileReference; lastKnownFileType = file.storyboard; name = Base; path = Base.lproj/Main.storyboard; sourceTree = "<group>"; };
		7F4F9A8F1E018F18002BEAB8 /* FIADatePickerDialogExample.xcdatamodel */ = {isa = PBXFileReference; lastKnownFileType = wrapper.xcdatamodel; path = FIADatePickerDialogExample.xcdatamodel; sourceTree = "<group>"; };
		7F4F9A911E018F18002BEAB8 /* Assets.xcassets */ = {isa = PBXFileReference; lastKnownFileType = folder.assetcatalog; path = Assets.xcassets; sourceTree = "<group>"; };
		7F4F9A941E018F18002BEAB8 /* Base */ = {isa = PBXFileReference; lastKnownFileType = file.storyboard; name = Base; path = Base.lproj/LaunchScreen.storyboard; sourceTree = "<group>"; };
		7F4F9A961E018F18002BEAB8 /* Info.plist */ = {isa = PBXFileReference; lastKnownFileType = text.plist.xml; path = Info.plist; sourceTree = "<group>"; };
		7F4F9A9B1E018F18002BEAB8 /* FIADatePickerDialogExampleTests.xctest */ = {isa = PBXFileReference; explicitFileType = wrapper.cfbundle; includeInIndex = 0; path = FIADatePickerDialogExampleTests.xctest; sourceTree = BUILT_PRODUCTS_DIR; };
		7F4F9A9F1E018F18002BEAB8 /* FIADatePickerDialogExampleTests.swift */ = {isa = PBXFileReference; lastKnownFileType = sourcecode.swift; path = FIADatePickerDialogExampleTests.swift; sourceTree = "<group>"; };
		7F4F9AA11E018F18002BEAB8 /* Info.plist */ = {isa = PBXFileReference; lastKnownFileType = text.plist.xml; path = Info.plist; sourceTree = "<group>"; };
/* End PBXFileReference section */

/* Begin PBXFrameworksBuildPhase section */
		7F4F9A811E018F18002BEAB8 /* Frameworks */ = {
			isa = PBXFrameworksBuildPhase;
			buildActionMask = 2147483647;
			files = (
			);
			runOnlyForDeploymentPostprocessing = 0;
		};
		7F4F9A981E018F18002BEAB8 /* Frameworks */ = {
			isa = PBXFrameworksBuildPhase;
			buildActionMask = 2147483647;
			files = (
			);
			runOnlyForDeploymentPostprocessing = 0;
		};
/* End PBXFrameworksBuildPhase section */

/* Begin PBXGroup section */
		7F4F9A7B1E018F18002BEAB8 = {
			isa = PBXGroup;
			children = (
				7F4F9A861E018F18002BEAB8 /* FIADatePickerDialogExample */,
				7F4F9A9E1E018F18002BEAB8 /* FIADatePickerDialogExampleTests */,
				7F4F9A851E018F18002BEAB8 /* Products */,
			);
			sourceTree = "<group>";
		};
		7F4F9A851E018F18002BEAB8 /* Products */ = {
			isa = PBXGroup;
			children = (
				7F4F9A841E018F18002BEAB8 /* FIADatePickerDialogExample.app */,
				7F4F9A9B1E018F18002BEAB8 /* FIADatePickerDialogExampleTests.xctest */,
			);
			name = Products;
			sourceTree = "<group>";
		};
		7F4F9A861E018F18002BEAB8 /* FIADatePickerDialogExample */ = {
			isa = PBXGroup;
			children = (
				7F4F9A871E018F18002BEAB8 /* AppDelegate.swift */,
				7F4F9A891E018F18002BEAB8 /* ViewController.swift */,
				7F4F9A8B1E018F18002BEAB8 /* Main.storyboard */,
				7F4F9A911E018F18002BEAB8 /* Assets.xcassets */,
				7F4F9A931E018F18002BEAB8 /* LaunchScreen.storyboard */,
				7F4F9A961E018F18002BEAB8 /* Info.plist */,
				7F4F9A8E1E018F18002BEAB8 /* FIADatePickerDialogExample.xcdatamodeld */,
			);
			path = FIADatePickerDialogExample;
			sourceTree = "<group>";
		};
		7F4F9A9E1E018F18002BEAB8 /* FIADatePickerDialogExampleTests */ = {
			isa = PBXGroup;
			children = (
				7F4F9A9F1E018F18002BEAB8 /* FIADatePickerDialogExampleTests.swift */,
				7F4F9AA11E018F18002BEAB8 /* Info.plist */,
			);
			path = FIADatePickerDialogExampleTests;
			sourceTree = "<group>";
		};
/* End PBXGroup section */

/* Begin PBXNativeTarget section */
		7F4F9A831E018F18002BEAB8 /* FIADatePickerDialogExample */ = {
			isa = PBXNativeTarget;
			buildConfigurationList = 7F4F9AA41E018F18002BEAB8 /* Build configuration list for PBXNativeTarget "FIADatePickerDialogExample" */;
			buildPhases = (
				7F4F9A801E018F18002BEAB8 /* Sources */,
				7F4F9A811E018F18002BEAB8 /* Frameworks */,
				7F4F9A821E018F18002BEAB8 /* Resources */,
			);
			buildRules = (
			);
			dependencies = (
			);
			name = FIADatePickerDialogExample;
			productName = FIADatePickerDialogExample;
			productReference = 7F4F9A841E018F18002BEAB8 /* FIADatePickerDialogExample.app */;
			productType = "com.apple.product-type.application";
		};
		7F4F9A9A1E018F18002BEAB8 /* FIADatePickerDialogExampleTests */ = {
			isa = PBXNativeTarget;
			buildConfigurationList = 7F4F9AA71E018F18002BEAB8 /* Build configuration list for PBXNativeTarget "FIADatePickerDialogExampleTests" */;
			buildPhases = (
				7F4F9A971E018F18002BEAB8 /* Sources */,
				7F4F9A981E018F18002BEAB8 /* Frameworks */,
				7F4F9A991E018F18002BEAB8 /* Resources */,
			);
			buildRules = (
			);
			dependencies = (
				7F4F9A9D1E018F18002BEAB8 /* PBXTargetDependency */,
			);
			name = FIADatePickerDialogExampleTests;
			productName = FIADatePickerDialogExampleTests;
			productReference = 7F4F9A9B1E018F18002BEAB8 /* FIADatePickerDialogExampleTests.xctest */;
			productType = "com.apple.product-type.bundle.unit-test";
		};
/* End PBXNativeTarget section */

/* Begin PBXProject section */
		7F4F9A7C1E018F18002BEAB8 /* Project object */ = {
			isa = PBXProject;
			attributes = {
				LastSwiftUpdateCheck = 0810;
				LastUpgradeCheck = 0810;
				ORGANIZATIONNAME = "Fucher in Apps OOO";
				TargetAttributes = {
					7F4F9A831E018F18002BEAB8 = {
						CreatedOnToolsVersion = 8.1;
						DevelopmentTeam = H8JUP89MG7;
						ProvisioningStyle = Automatic;
					};
					7F4F9A9A1E018F18002BEAB8 = {
						CreatedOnToolsVersion = 8.1;
						DevelopmentTeam = H8JUP89MG7;
						ProvisioningStyle = Automatic;
						TestTargetID = 7F4F9A831E018F18002BEAB8;
					};
				};
			};
			buildConfigurationList = 7F4F9A7F1E018F18002BEAB8 /* Build configuration list for PBXProject "FIADatePickerDialogExample" */;
			compatibilityVersion = "Xcode 3.2";
			developmentRegion = English;
			hasScannedForEncodings = 0;
			knownRegions = (
				en,
				Base,
			);
			mainGroup = 7F4F9A7B1E018F18002BEAB8;
			productRefGroup = 7F4F9A851E018F18002BEAB8 /* Products */;
			projectDirPath = "";
			projectRoot = "";
			targets = (
				7F4F9A831E018F18002BEAB8 /* FIADatePickerDialogExample */,
				7F4F9A9A1E018F18002BEAB8 /* FIADatePickerDialogExampleTests */,
			);
		};
/* End PBXProject section */

/* Begin PBXResourcesBuildPhase section */
		7F4F9A821E018F18002BEAB8 /* Resources */ = {
			isa = PBXResourcesBuildPhase;
			buildActionMask = 2147483647;
			files = (
				7F4F9A951E018F18002BEAB8 /* LaunchScreen.storyboard in Resources */,
				7F4F9A921E018F18002BEAB8 /* Assets.xcassets in Resources */,
				7F4F9A8D1E018F18002BEAB8 /* Main.storyboard in Resources */,
			);
			runOnlyForDeploymentPostprocessing = 0;
		};
		7F4F9A991E018F18002BEAB8 /* Resources */ = {
			isa = PBXResourcesBuildPhase;
			buildActionMask = 2147483647;
			files = (
			);
			runOnlyForDeploymentPostprocessing = 0;
		};
/* End PBXResourcesBuildPhase section */

/* Begin PBXSourcesBuildPhase section */
		7F4F9A801E018F18002BEAB8 /* Sources */ = {
			isa = PBXSourcesBuildPhase;
			buildActionMask = 2147483647;
			files = (
				7F4F9A8A1E018F18002BEAB8 /* ViewController.swift in Sources */,
				7F4F9A881E018F18002BEAB8 /* AppDelegate.swift in Sources */,
				7F4F9A901E018F18002BEAB8 /* FIADatePickerDialogExample.xcdatamodeld in Sources */,
			);
			runOnlyForDeploymentPostprocessing = 0;
		};
		7F4F9A971E018F18002BEAB8 /* Sources */ = {
			isa = PBXSourcesBuildPhase;
			buildActionMask = 2147483647;
			files = (
				7F4F9AA01E018F18002BEAB8 /* FIADatePickerDialogExampleTests.swift in Sources */,
			);
			runOnlyForDeploymentPostprocessing = 0;
		};
/* End PBXSourcesBuildPhase section */

/* Begin PBXTargetDependency section */
		7F4F9A9D1E018F18002BEAB8 /* PBXTargetDependency */ = {
			isa = PBXTargetDependency;
			target = 7F4F9A831E018F18002BEAB8 /* FIADatePickerDialogExample */;
			targetProxy = 7F4F9A9C1E018F18002BEAB8 /* PBXContainerItemProxy */;
		};
/* End PBXTargetDependency section */

/* Begin PBXVariantGroup section */
		7F4F9A8B1E018F18002BEAB8 /* Main.storyboard */ = {
			isa = PBXVariantGroup;
			children = (
				7F4F9A8C1E018F18002BEAB8 /* Base */,
			);
			name = Main.storyboard;
			sourceTree = "<group>";
		};
		7F4F9A931E018F18002BEAB8 /* LaunchScreen.storyboard */ = {
			isa = PBXVariantGroup;
			children = (
				7F4F9A941E018F18002BEAB8 /* Base */,
			);
			name = LaunchScreen.storyboard;
			sourceTree = "<group>";
		};
/* End PBXVariantGroup section */

/* Begin XCBuildConfiguration section */
		7F4F9AA21E018F18002BEAB8 /* Debug */ = {
			isa = XCBuildConfiguration;
			buildSettings = {
				ALWAYS_SEARCH_USER_PATHS = NO;
				CLANG_ANALYZER_NONNULL = YES;
				CLANG_CXX_LANGUAGE_STANDARD = "gnu++0x";
				CLANG_CXX_LIBRARY = "libc++";
				CLANG_ENABLE_MODULES = YES;
				CLANG_ENABLE_OBJC_ARC = YES;
				CLANG_WARN_BOOL_CONVERSION = YES;
				CLANG_WARN_CONSTANT_CONVERSION = YES;
				CLANG_WARN_DIRECT_OBJC_ISA_USAGE = YES_ERROR;
				CLANG_WARN_DOCUMENTATION_COMMENTS = YES;
				CLANG_WARN_EMPTY_BODY = YES;
				CLANG_WARN_ENUM_CONVERSION = YES;
				CLANG_WARN_INFINITE_RECURSION = YES;
				CLANG_WARN_INT_CONVERSION = YES;
				CLANG_WARN_OBJC_ROOT_CLASS = YES_ERROR;
				CLANG_WARN_SUSPICIOUS_MOVES = YES;
				CLANG_WARN_UNREACHABLE_CODE = YES;
				CLANG_WARN__DUPLICATE_METHOD_MATCH = YES;
				"CODE_SIGN_IDENTITY[sdk=iphoneos*]" = "iPhone Developer";
				COPY_PHASE_STRIP = NO;
				DEBUG_INFORMATION_FORMAT = dwarf;
				ENABLE_STRICT_OBJC_MSGSEND = YES;
				ENABLE_TESTABILITY = YES;
				GCC_C_LANGUAGE_STANDARD = gnu99;
				GCC_DYNAMIC_NO_PIC = NO;
				GCC_NO_COMMON_BLOCKS = YES;
				GCC_OPTIMIZATION_LEVEL = 0;
				GCC_PREPROCESSOR_DEFINITIONS = (
					"DEBUG=1",
					"$(inherited)",
				);
				GCC_WARN_64_TO_32_BIT_CONVERSION = YES;
				GCC_WARN_ABOUT_RETURN_TYPE = YES_ERROR;
				GCC_WARN_UNDECLARED_SELECTOR = YES;
				GCC_WARN_UNINITIALIZED_AUTOS = YES_AGGRESSIVE;
				GCC_WARN_UNUSED_FUNCTION = YES;
				GCC_WARN_UNUSED_VARIABLE = YES;
				IPHONEOS_DEPLOYMENT_TARGET = 10.1;
				MTL_ENABLE_DEBUG_INFO = YES;
				ONLY_ACTIVE_ARCH = YES;
				SDKROOT = iphoneos;
				SWIFT_ACTIVE_COMPILATION_CONDITIONS = DEBUG;
				SWIFT_OPTIMIZATION_LEVEL = "-Onone";
			};
			name = Debug;
		};
		7F4F9AA31E018F18002BEAB8 /* Release */ = {
			isa = XCBuildConfiguration;
			buildSettings = {
				ALWAYS_SEARCH_USER_PATHS = NO;
				CLANG_ANALYZER_NONNULL = YES;
				CLANG_CXX_LANGUAGE_STANDARD = "gnu++0x";
				CLANG_CXX_LIBRARY = "libc++";
				CLANG_ENABLE_MODULES = YES;
				CLANG_ENABLE_OBJC_ARC = YES;
				CLANG_WARN_BOOL_CONVERSION = YES;
				CLANG_WARN_CONSTANT_CONVERSION = YES;
				CLANG_WARN_DIRECT_OBJC_ISA_USAGE = YES_ERROR;
				CLANG_WARN_DOCUMENTATION_COMMENTS = YES;
				CLANG_WARN_EMPTY_BODY = YES;
				CLANG_WARN_ENUM_CONVERSION = YES;
				CLANG_WARN_INFINITE_RECURSION = YES;
				CLANG_WARN_INT_CONVERSION = YES;
				CLANG_WARN_OBJC_ROOT_CLASS = YES_ERROR;
				CLANG_WARN_SUSPICIOUS_MOVES = YES;
				CLANG_WARN_UNREACHABLE_CODE = YES;
				CLANG_WARN__DUPLICATE_METHOD_MATCH = YES;
				"CODE_SIGN_IDENTITY[sdk=iphoneos*]" = "iPhone Developer";
				COPY_PHASE_STRIP = NO;
				DEBUG_INFORMATION_FORMAT = "dwarf-with-dsym";
				ENABLE_NS_ASSERTIONS = NO;
				ENABLE_STRICT_OBJC_MSGSEND = YES;
				GCC_C_LANGUAGE_STANDARD = gnu99;
				GCC_NO_COMMON_BLOCKS = YES;
				GCC_WARN_64_TO_32_BIT_CONVERSION = YES;
				GCC_WARN_ABOUT_RETURN_TYPE = YES_ERROR;
				GCC_WARN_UNDECLARED_SELECTOR = YES;
				GCC_WARN_UNINITIALIZED_AUTOS = YES_AGGRESSIVE;
				GCC_WARN_UNUSED_FUNCTION = YES;
				GCC_WARN_UNUSED_VARIABLE = YES;
				IPHONEOS_DEPLOYMENT_TARGET = 10.1;
				MTL_ENABLE_DEBUG_INFO = NO;
				SDKROOT = iphoneos;
				SWIFT_OPTIMIZATION_LEVEL = "-Owholemodule";
				VALIDATE_PRODUCT = YES;
			};
			name = Release;
		};
		7F4F9AA51E018F18002BEAB8 /* Debug */ = {
			isa = XCBuildConfiguration;
			buildSettings = {
				ASSETCATALOG_COMPILER_APPICON_NAME = AppIcon;
				DEVELOPMENT_TEAM = H8JUP89MG7;
				INFOPLIST_FILE = FIADatePickerDialogExample/Info.plist;
				LD_RUNPATH_SEARCH_PATHS = "$(inherited) @executable_path/Frameworks";
				PRODUCT_BUNDLE_IDENTIFIER = FutureInApps.FIADatePickerDialogExample;
				PRODUCT_NAME = "$(TARGET_NAME)";
				SWIFT_VERSION = 3.0;
			};
			name = Debug;
		};
		7F4F9AA61E018F18002BEAB8 /* Release */ = {
			isa = XCBuildConfiguration;
			buildSettings = {
				ASSETCATALOG_COMPILER_APPICON_NAME = AppIcon;
				DEVELOPMENT_TEAM = H8JUP89MG7;
				INFOPLIST_FILE = FIADatePickerDialogExample/Info.plist;
				LD_RUNPATH_SEARCH_PATHS = "$(inherited) @executable_path/Frameworks";
				PRODUCT_BUNDLE_IDENTIFIER = FutureInApps.FIADatePickerDialogExample;
				PRODUCT_NAME = "$(TARGET_NAME)";
				SWIFT_VERSION = 3.0;
			};
			name = Release;
		};
		7F4F9AA81E018F18002BEAB8 /* Debug */ = {
			isa = XCBuildConfiguration;
			buildSettings = {
				ALWAYS_EMBED_SWIFT_STANDARD_LIBRARIES = YES;
				BUNDLE_LOADER = "$(TEST_HOST)";
				DEVELOPMENT_TEAM = H8JUP89MG7;
				INFOPLIST_FILE = FIADatePickerDialogExampleTests/Info.plist;
				LD_RUNPATH_SEARCH_PATHS = "$(inherited) @executable_path/Frameworks @loader_path/Frameworks";
				PRODUCT_BUNDLE_IDENTIFIER = FutureInApps.FIADatePickerDialogExampleTests;
				PRODUCT_NAME = "$(TARGET_NAME)";
				SWIFT_VERSION = 3.0;
				TEST_HOST = "$(BUILT_PRODUCTS_DIR)/FIADatePickerDialogExample.app/FIADatePickerDialogExample";
			};
			name = Debug;
		};
		7F4F9AA91E018F18002BEAB8 /* Release */ = {
			isa = XCBuildConfiguration;
			buildSettings = {
				ALWAYS_EMBED_SWIFT_STANDARD_LIBRARIES = YES;
				BUNDLE_LOADER = "$(TEST_HOST)";
				DEVELOPMENT_TEAM = H8JUP89MG7;
				INFOPLIST_FILE = FIADatePickerDialogExampleTests/Info.plist;
				LD_RUNPATH_SEARCH_PATHS = "$(inherited) @executable_path/Frameworks @loader_path/Frameworks";
				PRODUCT_BUNDLE_IDENTIFIER = FutureInApps.FIADatePickerDialogExampleTests;
				PRODUCT_NAME = "$(TARGET_NAME)";
				SWIFT_VERSION = 3.0;
				TEST_HOST = "$(BUILT_PRODUCTS_DIR)/FIADatePickerDialogExample.app/FIADatePickerDialogExample";
			};
			name = Release;
		};
/* End XCBuildConfiguration section */

/* Begin XCConfigurationList section */
		7F4F9A7F1E018F18002BEAB8 /* Build configuration list for PBXProject "FIADatePickerDialogExample" */ = {
			isa = XCConfigurationList;
			buildConfigurations = (
				7F4F9AA21E018F18002BEAB8 /* Debug */,
				7F4F9AA31E018F18002BEAB8 /* Release */,
			);
			defaultConfigurationIsVisible = 0;
			defaultConfigurationName = Release;
		};
		7F4F9AA41E018F18002BEAB8 /* Build configuration list for PBXNativeTarget "FIADatePickerDialogExample" */ = {
			isa = XCConfigurationList;
			buildConfigurations = (
				7F4F9AA51E018F18002BEAB8 /* Debug */,
				7F4F9AA61E018F18002BEAB8 /* Release */,
			);
			defaultConfigurationIsVisible = 0;
		};
		7F4F9AA71E018F18002BEAB8 /* Build configuration list for PBXNativeTarget "FIADatePickerDialogExampleTests" */ = {
			isa = XCConfigurationList;
			buildConfigurations = (
				7F4F9AA81E018F18002BEAB8 /* Debug */,
				7F4F9AA91E018F18002BEAB8 /* Release */,
			);
			defaultConfigurationIsVisible = 0;
		};
/* End XCConfigurationList section */

/* Begin XCVersionGroup section */
		7F4F9A8E1E018F18002BEAB8 /* FIADatePickerDialogExample.xcdatamodeld */ = {
			isa = XCVersionGroup;
			children = (
				7F4F9A8F1E018F18002BEAB8 /* FIADatePickerDialogExample.xcdatamodel */,
			);
			currentVersion = 7F4F9A8F1E018F18002BEAB8 /* FIADatePickerDialogExample.xcdatamodel */;
			path = FIADatePickerDialogExample.xcdatamodeld;
			sourceTree = "<group>";
			versionGroupType = wrapper.xcdatamodel;
		};
/* End XCVersionGroup section */
	};
	rootObject = 7F4F9A7C1E018F18002BEAB8 /* Project object */;
}
